
Microsoft Visual Studio Solution File, Format Version 12.00
# Visual Studio Version 16
VisualStudioVersion = 16.0.32106.194
MinimumVisualStudioVersion = 10.0.40219.1
Project("{FAE04EC0-301F-11D3-BF4B-00C04F79EFBC}") = "AnonymousMessage", "AnonymousMessage\AnonymousMessage.csproj", "{5A60C5C0-7E71-45E4-84D9-DE8D7126AB5A}"
EndProject
Global
	GlobalSection(SolutionConfigurationPlatforms) = preSolution
		Debug|Any CPU = Debug|Any CPU
		Release|Any CPU = Release|Any CPU
	EndGlobalSection
	GlobalSection(ProjectConfigurationPlatforms) = postSolution
		{5A60C5C0-7E71-45E4-84D9-DE8D7126AB5A}.Debug|Any CPU.ActiveCfg = Debug|Any CPU
		{5A60C5C0-7E71-45E4-84D9-DE8D7126AB5A}.Debug|Any CPU.Build.0 = Debug|Any CPU
		{5A60C5C0-7E71-45E4-84D9-DE8D7126AB5A}.Release|Any CPU.ActiveCfg = Release|Any CPU
		{5A60C5C0-7E71-45E4-84D9-DE8D7126AB5A}.Release|Any CPU.Build.0 = Release|Any CPU
	EndGlobalSection
	GlobalSection(SolutionProperties) = preSolution
		HideSolutionNode = FALSE
	EndGlobalSection
	GlobalSection(ExtensibilityGlobals) = postSolution
		SolutionGuid = {D76F4032-A6ED-4C60-83D0-E79F1921CC8A}
	EndGlobalSection
EndGlobal
